
Microsoft Visual Studio Solution File, Format Version 12.00
# Visual Studio 15
VisualStudioVersion = 15.0.28307.572
MinimumVisualStudioVersion = 10.0.40219.1
Project("{FAE04EC0-301F-11D3-BF4B-00C04F79EFBC}") = "HomeOwners_AllState", "HomeOwners_AllState\HomeOwners_AllState.csproj", "{F55387FE-6227-48DF-87ED-3F839FC5F76F}"
EndProject
Global
	GlobalSection(SolutionConfigurationPlatforms) = preSolution
		Debug|Any CPU = Debug|Any CPU
		Release|Any CPU = Release|Any CPU
	EndGlobalSection
	GlobalSection(ProjectConfigurationPlatforms) = postSolution
		{F55387FE-6227-48DF-87ED-3F839FC5F76F}.Debug|Any CPU.ActiveCfg = Debug|Any CPU
		{F55387FE-6227-48DF-87ED-3F839FC5F76F}.Debug|Any CPU.Build.0 = Debug|Any CPU
		{F55387FE-6227-48DF-87ED-3F839FC5F76F}.Release|Any CPU.ActiveCfg = Release|Any CPU
		{F55387FE-6227-48DF-87ED-3F839FC5F76F}.Release|Any CPU.Build.0 = Release|Any CPU
	EndGlobalSection
	GlobalSection(SolutionProperties) = preSolution
		HideSolutionNode = FALSE
	EndGlobalSection
	GlobalSection(ExtensibilityGlobals) = postSolution
		SolutionGuid = {EB5B8E46-EFC1-410F-93B8-48BE822CAA95}
	EndGlobalSection
EndGlobal
